
Microsoft Visual Studio Solution File, Format Version 12.00
# Visual Studio 15
VisualStudioVersion = 15.0.28010.2050
MinimumVisualStudioVersion = 10.0.40219.1
Project("{8BC9CEB8-8B4A-11D0-8D11-00A0C91BC942}") = "峰与谷", "峰与谷\峰与谷.vcxproj", "{7242C1A0-5F85-4EAD-8F25-5D6FE6A672DC}"
EndProject
Global
	GlobalSection(SolutionConfigurationPlatforms) = preSolution
		Debug|x64 = Debug|x64
		Debug|x86 = Debug|x86
		Release|x64 = Release|x64
		Release|x86 = Release|x86
	EndGlobalSection
	GlobalSection(ProjectConfigurationPlatforms) = postSolution
		{7242C1A0-5F85-4EAD-8F25-5D6FE6A672DC}.Debug|x64.ActiveCfg = Debug|x64
		{7242C1A0-5F85-4EAD-8F25-5D6FE6A672DC}.Debug|x64.Build.0 = Debug|x64
		{7242C1A0-5F85-4EAD-8F25-5D6FE6A672DC}.Debug|x86.ActiveCfg = Debug|Win32
		{7242C1A0-5F85-4EAD-8F25-5D6FE6A672DC}.Debug|x86.Build.0 = Debug|Win32
		{7242C1A0-5F85-4EAD-8F25-5D6FE6A672DC}.Release|x64.ActiveCfg = Release|x64
		{7242C1A0-5F85-4EAD-8F25-5D6FE6A672DC}.Release|x64.Build.0 = Release|x64
		{7242C1A0-5F85-4EAD-8F25-5D6FE6A672DC}.Release|x86.ActiveCfg = Release|Win32
		{7242C1A0-5F85-4EAD-8F25-5D6FE6A672DC}.Release|x86.Build.0 = Release|Win32
	EndGlobalSection
	GlobalSection(SolutionProperties) = preSolution
		HideSolutionNode = FALSE
	EndGlobalSection
	GlobalSection(ExtensibilityGlobals) = postSolution
		SolutionGuid = {200EB75F-A0F6-4EB6-AFD4-CC971397DA35}
	EndGlobalSection
EndGlobal
