
Microsoft Visual Studio Solution File, Format Version 12.00
# Visual Studio 15
VisualStudioVersion = 15.0.28010.2050
MinimumVisualStudioVersion = 10.0.40219.1
Project("{8BC9CEB8-8B4A-11D0-8D11-00A0C91BC942}") = "颜色填充", "颜色填充\颜色填充.vcxproj", "{945A6F05-696D-434D-9591-7DD7BCEEB483}"
EndProject
Global
	GlobalSection(SolutionConfigurationPlatforms) = preSolution
		Debug|x64 = Debug|x64
		Debug|x86 = Debug|x86
		Release|x64 = Release|x64
		Release|x86 = Release|x86
	EndGlobalSection
	GlobalSection(ProjectConfigurationPlatforms) = postSolution
		{945A6F05-696D-434D-9591-7DD7BCEEB483}.Debug|x64.ActiveCfg = Debug|x64
		{945A6F05-696D-434D-9591-7DD7BCEEB483}.Debug|x64.Build.0 = Debug|x64
		{945A6F05-696D-434D-9591-7DD7BCEEB483}.Debug|x86.ActiveCfg = Debug|Win32
		{945A6F05-696D-434D-9591-7DD7BCEEB483}.Debug|x86.Build.0 = Debug|Win32
		{945A6F05-696D-434D-9591-7DD7BCEEB483}.Release|x64.ActiveCfg = Release|x64
		{945A6F05-696D-434D-9591-7DD7BCEEB483}.Release|x64.Build.0 = Release|x64
		{945A6F05-696D-434D-9591-7DD7BCEEB483}.Release|x86.ActiveCfg = Release|Win32
		{945A6F05-696D-434D-9591-7DD7BCEEB483}.Release|x86.Build.0 = Release|Win32
	EndGlobalSection
	GlobalSection(SolutionProperties) = preSolution
		HideSolutionNode = FALSE
	EndGlobalSection
	GlobalSection(ExtensibilityGlobals) = postSolution
		SolutionGuid = {9FA45D09-353B-4045-A6F7-C7AA8B5076B7}
	EndGlobalSection
EndGlobal
