
Microsoft Visual Studio Solution File, Format Version 12.00
# Visual Studio 15
VisualStudioVersion = 15.0.28010.2050
MinimumVisualStudioVersion = 10.0.40219.1
Project("{8BC9CEB8-8B4A-11D0-8D11-00A0C91BC942}") = "检查子树", "检查子树\检查子树.vcxproj", "{CF46F925-99DC-47BD-815C-87F041F6DB79}"
EndProject
Global
	GlobalSection(SolutionConfigurationPlatforms) = preSolution
		Debug|x64 = Debug|x64
		Debug|x86 = Debug|x86
		Release|x64 = Release|x64
		Release|x86 = Release|x86
	EndGlobalSection
	GlobalSection(ProjectConfigurationPlatforms) = postSolution
		{CF46F925-99DC-47BD-815C-87F041F6DB79}.Debug|x64.ActiveCfg = Debug|x64
		{CF46F925-99DC-47BD-815C-87F041F6DB79}.Debug|x64.Build.0 = Debug|x64
		{CF46F925-99DC-47BD-815C-87F041F6DB79}.Debug|x86.ActiveCfg = Debug|Win32
		{CF46F925-99DC-47BD-815C-87F041F6DB79}.Debug|x86.Build.0 = Debug|Win32
		{CF46F925-99DC-47BD-815C-87F041F6DB79}.Release|x64.ActiveCfg = Release|x64
		{CF46F925-99DC-47BD-815C-87F041F6DB79}.Release|x64.Build.0 = Release|x64
		{CF46F925-99DC-47BD-815C-87F041F6DB79}.Release|x86.ActiveCfg = Release|Win32
		{CF46F925-99DC-47BD-815C-87F041F6DB79}.Release|x86.Build.0 = Release|Win32
	EndGlobalSection
	GlobalSection(SolutionProperties) = preSolution
		HideSolutionNode = FALSE
	EndGlobalSection
	GlobalSection(ExtensibilityGlobals) = postSolution
		SolutionGuid = {32766012-1E6C-40B6-9F93-B7E35F1BD179}
	EndGlobalSection
EndGlobal
