
Microsoft Visual Studio Solution File, Format Version 12.00
# Visual Studio 15
VisualStudioVersion = 15.0.28010.2050
MinimumVisualStudioVersion = 10.0.40219.1
Project("{8BC9CEB8-8B4A-11D0-8D11-00A0C91BC942}") = "递归乘法", "递归乘法\递归乘法.vcxproj", "{AA12B6F6-2E8A-48B1-963E-AAEC82FF669E}"
EndProject
Global
	GlobalSection(SolutionConfigurationPlatforms) = preSolution
		Debug|x64 = Debug|x64
		Debug|x86 = Debug|x86
		Release|x64 = Release|x64
		Release|x86 = Release|x86
	EndGlobalSection
	GlobalSection(ProjectConfigurationPlatforms) = postSolution
		{AA12B6F6-2E8A-48B1-963E-AAEC82FF669E}.Debug|x64.ActiveCfg = Debug|x64
		{AA12B6F6-2E8A-48B1-963E-AAEC82FF669E}.Debug|x64.Build.0 = Debug|x64
		{AA12B6F6-2E8A-48B1-963E-AAEC82FF669E}.Debug|x86.ActiveCfg = Debug|Win32
		{AA12B6F6-2E8A-48B1-963E-AAEC82FF669E}.Debug|x86.Build.0 = Debug|Win32
		{AA12B6F6-2E8A-48B1-963E-AAEC82FF669E}.Release|x64.ActiveCfg = Release|x64
		{AA12B6F6-2E8A-48B1-963E-AAEC82FF669E}.Release|x64.Build.0 = Release|x64
		{AA12B6F6-2E8A-48B1-963E-AAEC82FF669E}.Release|x86.ActiveCfg = Release|Win32
		{AA12B6F6-2E8A-48B1-963E-AAEC82FF669E}.Release|x86.Build.0 = Release|Win32
	EndGlobalSection
	GlobalSection(SolutionProperties) = preSolution
		HideSolutionNode = FALSE
	EndGlobalSection
	GlobalSection(ExtensibilityGlobals) = postSolution
		SolutionGuid = {8BAAD7B5-CCB0-4B68-8BED-65778DCB41AB}
	EndGlobalSection
EndGlobal
