
Microsoft Visual Studio Solution File, Format Version 12.00
# Visual Studio 15
VisualStudioVersion = 15.0.28010.2050
MinimumVisualStudioVersion = 10.0.40219.1
Project("{8BC9CEB8-8B4A-11D0-8D11-00A0C91BC942}") = "滑动窗口最大值", "滑动窗口最大值\滑动窗口最大值.vcxproj", "{4C765947-BA12-4605-AD7F-6625F771297F}"
EndProject
Global
	GlobalSection(SolutionConfigurationPlatforms) = preSolution
		Debug|x64 = Debug|x64
		Debug|x86 = Debug|x86
		Release|x64 = Release|x64
		Release|x86 = Release|x86
	EndGlobalSection
	GlobalSection(ProjectConfigurationPlatforms) = postSolution
		{4C765947-BA12-4605-AD7F-6625F771297F}.Debug|x64.ActiveCfg = Debug|x64
		{4C765947-BA12-4605-AD7F-6625F771297F}.Debug|x64.Build.0 = Debug|x64
		{4C765947-BA12-4605-AD7F-6625F771297F}.Debug|x86.ActiveCfg = Debug|Win32
		{4C765947-BA12-4605-AD7F-6625F771297F}.Debug|x86.Build.0 = Debug|Win32
		{4C765947-BA12-4605-AD7F-6625F771297F}.Release|x64.ActiveCfg = Release|x64
		{4C765947-BA12-4605-AD7F-6625F771297F}.Release|x64.Build.0 = Release|x64
		{4C765947-BA12-4605-AD7F-6625F771297F}.Release|x86.ActiveCfg = Release|Win32
		{4C765947-BA12-4605-AD7F-6625F771297F}.Release|x86.Build.0 = Release|Win32
	EndGlobalSection
	GlobalSection(SolutionProperties) = preSolution
		HideSolutionNode = FALSE
	EndGlobalSection
	GlobalSection(ExtensibilityGlobals) = postSolution
		SolutionGuid = {F905F72D-0314-4077-B4E7-9ADCEC0C11DF}
	EndGlobalSection
EndGlobal
