
Microsoft Visual Studio Solution File, Format Version 12.00
# Visual Studio 15
VisualStudioVersion = 15.0.28010.2050
MinimumVisualStudioVersion = 10.0.40219.1
Project("{8BC9CEB8-8B4A-11D0-8D11-00A0C91BC942}") = "打印整数的每一位", "打印整数的每一位\打印整数的每一位.vcxproj", "{039B1B3F-044D-4C3A-A939-D28248F19AAB}"
EndProject
Global
	GlobalSection(SolutionConfigurationPlatforms) = preSolution
		Debug|x64 = Debug|x64
		Debug|x86 = Debug|x86
		Release|x64 = Release|x64
		Release|x86 = Release|x86
	EndGlobalSection
	GlobalSection(ProjectConfigurationPlatforms) = postSolution
		{039B1B3F-044D-4C3A-A939-D28248F19AAB}.Debug|x64.ActiveCfg = Debug|x64
		{039B1B3F-044D-4C3A-A939-D28248F19AAB}.Debug|x64.Build.0 = Debug|x64
		{039B1B3F-044D-4C3A-A939-D28248F19AAB}.Debug|x86.ActiveCfg = Debug|Win32
		{039B1B3F-044D-4C3A-A939-D28248F19AAB}.Debug|x86.Build.0 = Debug|Win32
		{039B1B3F-044D-4C3A-A939-D28248F19AAB}.Release|x64.ActiveCfg = Release|x64
		{039B1B3F-044D-4C3A-A939-D28248F19AAB}.Release|x64.Build.0 = Release|x64
		{039B1B3F-044D-4C3A-A939-D28248F19AAB}.Release|x86.ActiveCfg = Release|Win32
		{039B1B3F-044D-4C3A-A939-D28248F19AAB}.Release|x86.Build.0 = Release|Win32
	EndGlobalSection
	GlobalSection(SolutionProperties) = preSolution
		HideSolutionNode = FALSE
	EndGlobalSection
	GlobalSection(ExtensibilityGlobals) = postSolution
		SolutionGuid = {5644E291-3500-4E27-8E10-C84434414103}
	EndGlobalSection
EndGlobal
