
Microsoft Visual Studio Solution File, Format Version 12.00
# Visual Studio 15
VisualStudioVersion = 15.0.28010.2050
MinimumVisualStudioVersion = 10.0.40219.1
Project("{8BC9CEB8-8B4A-11D0-8D11-00A0C91BC942}") = "编辑距离", "编辑距离\编辑距离.vcxproj", "{D7CF7256-C455-42B6-B1C0-0D2E2049A9AF}"
EndProject
Global
	GlobalSection(SolutionConfigurationPlatforms) = preSolution
		Debug|x64 = Debug|x64
		Debug|x86 = Debug|x86
		Release|x64 = Release|x64
		Release|x86 = Release|x86
	EndGlobalSection
	GlobalSection(ProjectConfigurationPlatforms) = postSolution
		{D7CF7256-C455-42B6-B1C0-0D2E2049A9AF}.Debug|x64.ActiveCfg = Debug|x64
		{D7CF7256-C455-42B6-B1C0-0D2E2049A9AF}.Debug|x64.Build.0 = Debug|x64
		{D7CF7256-C455-42B6-B1C0-0D2E2049A9AF}.Debug|x86.ActiveCfg = Debug|Win32
		{D7CF7256-C455-42B6-B1C0-0D2E2049A9AF}.Debug|x86.Build.0 = Debug|Win32
		{D7CF7256-C455-42B6-B1C0-0D2E2049A9AF}.Release|x64.ActiveCfg = Release|x64
		{D7CF7256-C455-42B6-B1C0-0D2E2049A9AF}.Release|x64.Build.0 = Release|x64
		{D7CF7256-C455-42B6-B1C0-0D2E2049A9AF}.Release|x86.ActiveCfg = Release|Win32
		{D7CF7256-C455-42B6-B1C0-0D2E2049A9AF}.Release|x86.Build.0 = Release|Win32
	EndGlobalSection
	GlobalSection(SolutionProperties) = preSolution
		HideSolutionNode = FALSE
	EndGlobalSection
	GlobalSection(ExtensibilityGlobals) = postSolution
		SolutionGuid = {707222AE-80D2-4E17-858B-590C314E7D80}
	EndGlobalSection
EndGlobal
