
Microsoft Visual Studio Solution File, Format Version 12.00
# Visual Studio 15
VisualStudioVersion = 15.0.28010.2050
MinimumVisualStudioVersion = 10.0.40219.1
Project("{8BC9CEB8-8B4A-11D0-8D11-00A0C91BC942}") = "memmove", "memmove\memmove.vcxproj", "{86512A39-DED5-44C9-B2A3-E9C439DE8C85}"
EndProject
Global
	GlobalSection(SolutionConfigurationPlatforms) = preSolution
		Debug|x64 = Debug|x64
		Debug|x86 = Debug|x86
		Release|x64 = Release|x64
		Release|x86 = Release|x86
	EndGlobalSection
	GlobalSection(ProjectConfigurationPlatforms) = postSolution
		{86512A39-DED5-44C9-B2A3-E9C439DE8C85}.Debug|x64.ActiveCfg = Debug|x64
		{86512A39-DED5-44C9-B2A3-E9C439DE8C85}.Debug|x64.Build.0 = Debug|x64
		{86512A39-DED5-44C9-B2A3-E9C439DE8C85}.Debug|x86.ActiveCfg = Debug|Win32
		{86512A39-DED5-44C9-B2A3-E9C439DE8C85}.Debug|x86.Build.0 = Debug|Win32
		{86512A39-DED5-44C9-B2A3-E9C439DE8C85}.Release|x64.ActiveCfg = Release|x64
		{86512A39-DED5-44C9-B2A3-E9C439DE8C85}.Release|x64.Build.0 = Release|x64
		{86512A39-DED5-44C9-B2A3-E9C439DE8C85}.Release|x86.ActiveCfg = Release|Win32
		{86512A39-DED5-44C9-B2A3-E9C439DE8C85}.Release|x86.Build.0 = Release|Win32
	EndGlobalSection
	GlobalSection(SolutionProperties) = preSolution
		HideSolutionNode = FALSE
	EndGlobalSection
	GlobalSection(ExtensibilityGlobals) = postSolution
		SolutionGuid = {7774924F-8C36-4338-9EC0-E33099DC7342}
	EndGlobalSection
EndGlobal
