
Microsoft Visual Studio Solution File, Format Version 12.00
# Visual Studio 15
VisualStudioVersion = 15.0.28010.2050
MinimumVisualStudioVersion = 10.0.40219.1
Project("{8BC9CEB8-8B4A-11D0-8D11-00A0C91BC942}") = "电话本", "电话本\电话本.vcxproj", "{D8960C7D-B53B-41B6-966E-0C2D65F2698E}"
EndProject
Global
	GlobalSection(SolutionConfigurationPlatforms) = preSolution
		Debug|x64 = Debug|x64
		Debug|x86 = Debug|x86
		Release|x64 = Release|x64
		Release|x86 = Release|x86
	EndGlobalSection
	GlobalSection(ProjectConfigurationPlatforms) = postSolution
		{D8960C7D-B53B-41B6-966E-0C2D65F2698E}.Debug|x64.ActiveCfg = Debug|x64
		{D8960C7D-B53B-41B6-966E-0C2D65F2698E}.Debug|x64.Build.0 = Debug|x64
		{D8960C7D-B53B-41B6-966E-0C2D65F2698E}.Debug|x86.ActiveCfg = Debug|Win32
		{D8960C7D-B53B-41B6-966E-0C2D65F2698E}.Debug|x86.Build.0 = Debug|Win32
		{D8960C7D-B53B-41B6-966E-0C2D65F2698E}.Release|x64.ActiveCfg = Release|x64
		{D8960C7D-B53B-41B6-966E-0C2D65F2698E}.Release|x64.Build.0 = Release|x64
		{D8960C7D-B53B-41B6-966E-0C2D65F2698E}.Release|x86.ActiveCfg = Release|Win32
		{D8960C7D-B53B-41B6-966E-0C2D65F2698E}.Release|x86.Build.0 = Release|Win32
	EndGlobalSection
	GlobalSection(SolutionProperties) = preSolution
		HideSolutionNode = FALSE
	EndGlobalSection
	GlobalSection(ExtensibilityGlobals) = postSolution
		SolutionGuid = {0B5EA384-A33C-4753-9AC0-1B0807FE1DD8}
	EndGlobalSection
EndGlobal
