
Microsoft Visual Studio Solution File, Format Version 12.00
# Visual Studio 15
VisualStudioVersion = 15.0.28010.2050
MinimumVisualStudioVersion = 10.0.40219.1
Project("{8BC9CEB8-8B4A-11D0-8D11-00A0C91BC942}") = "排列硬币", "排列硬币\排列硬币.vcxproj", "{FE5DDB01-2CE3-43D2-AB0F-5F25063C4231}"
EndProject
Global
	GlobalSection(SolutionConfigurationPlatforms) = preSolution
		Debug|x64 = Debug|x64
		Debug|x86 = Debug|x86
		Release|x64 = Release|x64
		Release|x86 = Release|x86
	EndGlobalSection
	GlobalSection(ProjectConfigurationPlatforms) = postSolution
		{FE5DDB01-2CE3-43D2-AB0F-5F25063C4231}.Debug|x64.ActiveCfg = Debug|x64
		{FE5DDB01-2CE3-43D2-AB0F-5F25063C4231}.Debug|x64.Build.0 = Debug|x64
		{FE5DDB01-2CE3-43D2-AB0F-5F25063C4231}.Debug|x86.ActiveCfg = Debug|Win32
		{FE5DDB01-2CE3-43D2-AB0F-5F25063C4231}.Debug|x86.Build.0 = Debug|Win32
		{FE5DDB01-2CE3-43D2-AB0F-5F25063C4231}.Release|x64.ActiveCfg = Release|x64
		{FE5DDB01-2CE3-43D2-AB0F-5F25063C4231}.Release|x64.Build.0 = Release|x64
		{FE5DDB01-2CE3-43D2-AB0F-5F25063C4231}.Release|x86.ActiveCfg = Release|Win32
		{FE5DDB01-2CE3-43D2-AB0F-5F25063C4231}.Release|x86.Build.0 = Release|Win32
	EndGlobalSection
	GlobalSection(SolutionProperties) = preSolution
		HideSolutionNode = FALSE
	EndGlobalSection
	GlobalSection(ExtensibilityGlobals) = postSolution
		SolutionGuid = {854A6F00-1FFF-4439-857D-7EE91AF61929}
	EndGlobalSection
EndGlobal
