
Microsoft Visual Studio Solution File, Format Version 12.00
# Visual Studio 15
VisualStudioVersion = 15.0.28010.2050
MinimumVisualStudioVersion = 10.0.40219.1
Project("{8BC9CEB8-8B4A-11D0-8D11-00A0C91BC942}") = "分辨大小端", "分辨大小端\分辨大小端.vcxproj", "{87772826-4436-482D-8960-B37535855D0C}"
EndProject
Global
	GlobalSection(SolutionConfigurationPlatforms) = preSolution
		Debug|x64 = Debug|x64
		Debug|x86 = Debug|x86
		Release|x64 = Release|x64
		Release|x86 = Release|x86
	EndGlobalSection
	GlobalSection(ProjectConfigurationPlatforms) = postSolution
		{87772826-4436-482D-8960-B37535855D0C}.Debug|x64.ActiveCfg = Debug|x64
		{87772826-4436-482D-8960-B37535855D0C}.Debug|x64.Build.0 = Debug|x64
		{87772826-4436-482D-8960-B37535855D0C}.Debug|x86.ActiveCfg = Debug|Win32
		{87772826-4436-482D-8960-B37535855D0C}.Debug|x86.Build.0 = Debug|Win32
		{87772826-4436-482D-8960-B37535855D0C}.Release|x64.ActiveCfg = Release|x64
		{87772826-4436-482D-8960-B37535855D0C}.Release|x64.Build.0 = Release|x64
		{87772826-4436-482D-8960-B37535855D0C}.Release|x86.ActiveCfg = Release|Win32
		{87772826-4436-482D-8960-B37535855D0C}.Release|x86.Build.0 = Release|Win32
	EndGlobalSection
	GlobalSection(SolutionProperties) = preSolution
		HideSolutionNode = FALSE
	EndGlobalSection
	GlobalSection(ExtensibilityGlobals) = postSolution
		SolutionGuid = {28B96869-7F0B-4022-A7D6-CEE5B289A883}
	EndGlobalSection
EndGlobal
