
Microsoft Visual Studio Solution File, Format Version 12.00
# Visual Studio 15
VisualStudioVersion = 15.0.28010.2050
MinimumVisualStudioVersion = 10.0.40219.1
Project("{8BC9CEB8-8B4A-11D0-8D11-00A0C91BC942}") = "从尾到头打印链表", "从尾到头打印链表\从尾到头打印链表.vcxproj", "{3BDE8C61-35EF-4705-857B-D33708BE720B}"
EndProject
Global
	GlobalSection(SolutionConfigurationPlatforms) = preSolution
		Debug|x64 = Debug|x64
		Debug|x86 = Debug|x86
		Release|x64 = Release|x64
		Release|x86 = Release|x86
	EndGlobalSection
	GlobalSection(ProjectConfigurationPlatforms) = postSolution
		{3BDE8C61-35EF-4705-857B-D33708BE720B}.Debug|x64.ActiveCfg = Debug|x64
		{3BDE8C61-35EF-4705-857B-D33708BE720B}.Debug|x64.Build.0 = Debug|x64
		{3BDE8C61-35EF-4705-857B-D33708BE720B}.Debug|x86.ActiveCfg = Debug|Win32
		{3BDE8C61-35EF-4705-857B-D33708BE720B}.Debug|x86.Build.0 = Debug|Win32
		{3BDE8C61-35EF-4705-857B-D33708BE720B}.Release|x64.ActiveCfg = Release|x64
		{3BDE8C61-35EF-4705-857B-D33708BE720B}.Release|x64.Build.0 = Release|x64
		{3BDE8C61-35EF-4705-857B-D33708BE720B}.Release|x86.ActiveCfg = Release|Win32
		{3BDE8C61-35EF-4705-857B-D33708BE720B}.Release|x86.Build.0 = Release|Win32
	EndGlobalSection
	GlobalSection(SolutionProperties) = preSolution
		HideSolutionNode = FALSE
	EndGlobalSection
	GlobalSection(ExtensibilityGlobals) = postSolution
		SolutionGuid = {227D6487-1A93-4E51-8E04-92386ABE8332}
	EndGlobalSection
EndGlobal
