
Microsoft Visual Studio Solution File, Format Version 12.00
# Visual Studio 15
VisualStudioVersion = 15.0.28010.2050
MinimumVisualStudioVersion = 10.0.40219.1
Project("{8BC9CEB8-8B4A-11D0-8D11-00A0C91BC942}") = "收件人列表", "收件人列表\收件人列表.vcxproj", "{4E829F4A-678A-44B8-9221-F3103431A778}"
EndProject
Global
	GlobalSection(SolutionConfigurationPlatforms) = preSolution
		Debug|x64 = Debug|x64
		Debug|x86 = Debug|x86
		Release|x64 = Release|x64
		Release|x86 = Release|x86
	EndGlobalSection
	GlobalSection(ProjectConfigurationPlatforms) = postSolution
		{4E829F4A-678A-44B8-9221-F3103431A778}.Debug|x64.ActiveCfg = Debug|x64
		{4E829F4A-678A-44B8-9221-F3103431A778}.Debug|x64.Build.0 = Debug|x64
		{4E829F4A-678A-44B8-9221-F3103431A778}.Debug|x86.ActiveCfg = Debug|Win32
		{4E829F4A-678A-44B8-9221-F3103431A778}.Debug|x86.Build.0 = Debug|Win32
		{4E829F4A-678A-44B8-9221-F3103431A778}.Release|x64.ActiveCfg = Release|x64
		{4E829F4A-678A-44B8-9221-F3103431A778}.Release|x64.Build.0 = Release|x64
		{4E829F4A-678A-44B8-9221-F3103431A778}.Release|x86.ActiveCfg = Release|Win32
		{4E829F4A-678A-44B8-9221-F3103431A778}.Release|x86.Build.0 = Release|Win32
	EndGlobalSection
	GlobalSection(SolutionProperties) = preSolution
		HideSolutionNode = FALSE
	EndGlobalSection
	GlobalSection(ExtensibilityGlobals) = postSolution
		SolutionGuid = {9DF71C2A-EC56-436A-AF54-DC7DF5DA2AB0}
	EndGlobalSection
EndGlobal
