
Microsoft Visual Studio Solution File, Format Version 12.00
# Visual Studio 15
VisualStudioVersion = 15.0.28010.2050
MinimumVisualStudioVersion = 10.0.40219.1
Project("{8BC9CEB8-8B4A-11D0-8D11-00A0C91BC942}") = "糖果分配", "糖果分配\糖果分配.vcxproj", "{F08BA208-F25E-4BC5-B65C-FDA5645B33DC}"
EndProject
Global
	GlobalSection(SolutionConfigurationPlatforms) = preSolution
		Debug|x64 = Debug|x64
		Debug|x86 = Debug|x86
		Release|x64 = Release|x64
		Release|x86 = Release|x86
	EndGlobalSection
	GlobalSection(ProjectConfigurationPlatforms) = postSolution
		{F08BA208-F25E-4BC5-B65C-FDA5645B33DC}.Debug|x64.ActiveCfg = Debug|x64
		{F08BA208-F25E-4BC5-B65C-FDA5645B33DC}.Debug|x64.Build.0 = Debug|x64
		{F08BA208-F25E-4BC5-B65C-FDA5645B33DC}.Debug|x86.ActiveCfg = Debug|Win32
		{F08BA208-F25E-4BC5-B65C-FDA5645B33DC}.Debug|x86.Build.0 = Debug|Win32
		{F08BA208-F25E-4BC5-B65C-FDA5645B33DC}.Release|x64.ActiveCfg = Release|x64
		{F08BA208-F25E-4BC5-B65C-FDA5645B33DC}.Release|x64.Build.0 = Release|x64
		{F08BA208-F25E-4BC5-B65C-FDA5645B33DC}.Release|x86.ActiveCfg = Release|Win32
		{F08BA208-F25E-4BC5-B65C-FDA5645B33DC}.Release|x86.Build.0 = Release|Win32
	EndGlobalSection
	GlobalSection(SolutionProperties) = preSolution
		HideSolutionNode = FALSE
	EndGlobalSection
	GlobalSection(ExtensibilityGlobals) = postSolution
		SolutionGuid = {AB55136D-89AE-48D6-9F79-9E36C51C5322}
	EndGlobalSection
EndGlobal
