
Microsoft Visual Studio Solution File, Format Version 12.00
# Visual Studio 15
VisualStudioVersion = 15.0.28010.2050
MinimumVisualStudioVersion = 10.0.40219.1
Project("{8BC9CEB8-8B4A-11D0-8D11-00A0C91BC942}") = "链表求和", "链表求和\链表求和.vcxproj", "{13123834-7F31-40DD-93C5-1E0C0E641D46}"
EndProject
Global
	GlobalSection(SolutionConfigurationPlatforms) = preSolution
		Debug|x64 = Debug|x64
		Debug|x86 = Debug|x86
		Release|x64 = Release|x64
		Release|x86 = Release|x86
	EndGlobalSection
	GlobalSection(ProjectConfigurationPlatforms) = postSolution
		{13123834-7F31-40DD-93C5-1E0C0E641D46}.Debug|x64.ActiveCfg = Debug|x64
		{13123834-7F31-40DD-93C5-1E0C0E641D46}.Debug|x64.Build.0 = Debug|x64
		{13123834-7F31-40DD-93C5-1E0C0E641D46}.Debug|x86.ActiveCfg = Debug|Win32
		{13123834-7F31-40DD-93C5-1E0C0E641D46}.Debug|x86.Build.0 = Debug|Win32
		{13123834-7F31-40DD-93C5-1E0C0E641D46}.Release|x64.ActiveCfg = Release|x64
		{13123834-7F31-40DD-93C5-1E0C0E641D46}.Release|x64.Build.0 = Release|x64
		{13123834-7F31-40DD-93C5-1E0C0E641D46}.Release|x86.ActiveCfg = Release|Win32
		{13123834-7F31-40DD-93C5-1E0C0E641D46}.Release|x86.Build.0 = Release|Win32
	EndGlobalSection
	GlobalSection(SolutionProperties) = preSolution
		HideSolutionNode = FALSE
	EndGlobalSection
	GlobalSection(ExtensibilityGlobals) = postSolution
		SolutionGuid = {BA342203-645E-48F8-BD2D-7F62E2F9DF84}
	EndGlobalSection
EndGlobal
