
Microsoft Visual Studio Solution File, Format Version 12.00
# Visual Studio 15
VisualStudioVersion = 15.0.28010.2050
MinimumVisualStudioVersion = 10.0.40219.1
Project("{8BC9CEB8-8B4A-11D0-8D11-00A0C91BC942}") = "栈的压入和弹出", "栈的压入和弹出\栈的压入和弹出.vcxproj", "{1354EA7D-9219-4B76-9C82-BCE7E6B33243}"
EndProject
Global
	GlobalSection(SolutionConfigurationPlatforms) = preSolution
		Debug|x64 = Debug|x64
		Debug|x86 = Debug|x86
		Release|x64 = Release|x64
		Release|x86 = Release|x86
	EndGlobalSection
	GlobalSection(ProjectConfigurationPlatforms) = postSolution
		{1354EA7D-9219-4B76-9C82-BCE7E6B33243}.Debug|x64.ActiveCfg = Debug|x64
		{1354EA7D-9219-4B76-9C82-BCE7E6B33243}.Debug|x64.Build.0 = Debug|x64
		{1354EA7D-9219-4B76-9C82-BCE7E6B33243}.Debug|x86.ActiveCfg = Debug|Win32
		{1354EA7D-9219-4B76-9C82-BCE7E6B33243}.Debug|x86.Build.0 = Debug|Win32
		{1354EA7D-9219-4B76-9C82-BCE7E6B33243}.Release|x64.ActiveCfg = Release|x64
		{1354EA7D-9219-4B76-9C82-BCE7E6B33243}.Release|x64.Build.0 = Release|x64
		{1354EA7D-9219-4B76-9C82-BCE7E6B33243}.Release|x86.ActiveCfg = Release|Win32
		{1354EA7D-9219-4B76-9C82-BCE7E6B33243}.Release|x86.Build.0 = Release|Win32
	EndGlobalSection
	GlobalSection(SolutionProperties) = preSolution
		HideSolutionNode = FALSE
	EndGlobalSection
	GlobalSection(ExtensibilityGlobals) = postSolution
		SolutionGuid = {8BE3A29F-1635-44D6-83E5-DF5EAA2C28A9}
	EndGlobalSection
EndGlobal
