
Microsoft Visual Studio Solution File, Format Version 12.00
# Visual Studio 15
VisualStudioVersion = 15.0.28010.2050
MinimumVisualStudioVersion = 10.0.40219.1
Project("{8BC9CEB8-8B4A-11D0-8D11-00A0C91BC942}") = "vector", "vector\vector.vcxproj", "{C240FC21-222E-423C-A0C4-96F02FFE61A4}"
EndProject
Global
	GlobalSection(SolutionConfigurationPlatforms) = preSolution
		Debug|x64 = Debug|x64
		Debug|x86 = Debug|x86
		Release|x64 = Release|x64
		Release|x86 = Release|x86
	EndGlobalSection
	GlobalSection(ProjectConfigurationPlatforms) = postSolution
		{C240FC21-222E-423C-A0C4-96F02FFE61A4}.Debug|x64.ActiveCfg = Debug|x64
		{C240FC21-222E-423C-A0C4-96F02FFE61A4}.Debug|x64.Build.0 = Debug|x64
		{C240FC21-222E-423C-A0C4-96F02FFE61A4}.Debug|x86.ActiveCfg = Debug|Win32
		{C240FC21-222E-423C-A0C4-96F02FFE61A4}.Debug|x86.Build.0 = Debug|Win32
		{C240FC21-222E-423C-A0C4-96F02FFE61A4}.Release|x64.ActiveCfg = Release|x64
		{C240FC21-222E-423C-A0C4-96F02FFE61A4}.Release|x64.Build.0 = Release|x64
		{C240FC21-222E-423C-A0C4-96F02FFE61A4}.Release|x86.ActiveCfg = Release|Win32
		{C240FC21-222E-423C-A0C4-96F02FFE61A4}.Release|x86.Build.0 = Release|Win32
	EndGlobalSection
	GlobalSection(SolutionProperties) = preSolution
		HideSolutionNode = FALSE
	EndGlobalSection
	GlobalSection(ExtensibilityGlobals) = postSolution
		SolutionGuid = {E83167E4-596D-4CAE-937F-08402C2890C3}
	EndGlobalSection
EndGlobal
