
Microsoft Visual Studio Solution File, Format Version 12.00
# Visual Studio 15
VisualStudioVersion = 15.0.28010.2050
MinimumVisualStudioVersion = 10.0.40219.1
Project("{8BC9CEB8-8B4A-11D0-8D11-00A0C91BC942}") = "返回组成它的数字之和", "返回组成它的数字之和\返回组成它的数字之和.vcxproj", "{567A582D-A6D0-417B-90B1-D07EDA65D771}"
EndProject
Global
	GlobalSection(SolutionConfigurationPlatforms) = preSolution
		Debug|x64 = Debug|x64
		Debug|x86 = Debug|x86
		Release|x64 = Release|x64
		Release|x86 = Release|x86
	EndGlobalSection
	GlobalSection(ProjectConfigurationPlatforms) = postSolution
		{567A582D-A6D0-417B-90B1-D07EDA65D771}.Debug|x64.ActiveCfg = Debug|x64
		{567A582D-A6D0-417B-90B1-D07EDA65D771}.Debug|x64.Build.0 = Debug|x64
		{567A582D-A6D0-417B-90B1-D07EDA65D771}.Debug|x86.ActiveCfg = Debug|Win32
		{567A582D-A6D0-417B-90B1-D07EDA65D771}.Debug|x86.Build.0 = Debug|Win32
		{567A582D-A6D0-417B-90B1-D07EDA65D771}.Release|x64.ActiveCfg = Release|x64
		{567A582D-A6D0-417B-90B1-D07EDA65D771}.Release|x64.Build.0 = Release|x64
		{567A582D-A6D0-417B-90B1-D07EDA65D771}.Release|x86.ActiveCfg = Release|Win32
		{567A582D-A6D0-417B-90B1-D07EDA65D771}.Release|x86.Build.0 = Release|Win32
	EndGlobalSection
	GlobalSection(SolutionProperties) = preSolution
		HideSolutionNode = FALSE
	EndGlobalSection
	GlobalSection(ExtensibilityGlobals) = postSolution
		SolutionGuid = {B3366AAD-4269-46C8-91DA-91C4AF0CD80B}
	EndGlobalSection
EndGlobal
