
Microsoft Visual Studio Solution File, Format Version 12.00
# Visual Studio 15
VisualStudioVersion = 15.0.28010.2050
MinimumVisualStudioVersion = 10.0.40219.1
Project("{8BC9CEB8-8B4A-11D0-8D11-00A0C91BC942}") = "后6位排序", "后6位排序\后6位排序.vcxproj", "{E24477E9-1F20-43D8-A2ED-DCA22656D0A6}"
EndProject
Global
	GlobalSection(SolutionConfigurationPlatforms) = preSolution
		Debug|x64 = Debug|x64
		Debug|x86 = Debug|x86
		Release|x64 = Release|x64
		Release|x86 = Release|x86
	EndGlobalSection
	GlobalSection(ProjectConfigurationPlatforms) = postSolution
		{E24477E9-1F20-43D8-A2ED-DCA22656D0A6}.Debug|x64.ActiveCfg = Debug|x64
		{E24477E9-1F20-43D8-A2ED-DCA22656D0A6}.Debug|x64.Build.0 = Debug|x64
		{E24477E9-1F20-43D8-A2ED-DCA22656D0A6}.Debug|x86.ActiveCfg = Debug|Win32
		{E24477E9-1F20-43D8-A2ED-DCA22656D0A6}.Debug|x86.Build.0 = Debug|Win32
		{E24477E9-1F20-43D8-A2ED-DCA22656D0A6}.Release|x64.ActiveCfg = Release|x64
		{E24477E9-1F20-43D8-A2ED-DCA22656D0A6}.Release|x64.Build.0 = Release|x64
		{E24477E9-1F20-43D8-A2ED-DCA22656D0A6}.Release|x86.ActiveCfg = Release|Win32
		{E24477E9-1F20-43D8-A2ED-DCA22656D0A6}.Release|x86.Build.0 = Release|Win32
	EndGlobalSection
	GlobalSection(SolutionProperties) = preSolution
		HideSolutionNode = FALSE
	EndGlobalSection
	GlobalSection(ExtensibilityGlobals) = postSolution
		SolutionGuid = {8129CDE9-61FC-42F7-ACC2-CA1AAD71BCE6}
	EndGlobalSection
EndGlobal
