
Microsoft Visual Studio Solution File, Format Version 12.00
# Visual Studio 15
VisualStudioVersion = 15.0.28010.2050
MinimumVisualStudioVersion = 10.0.40219.1
Project("{8BC9CEB8-8B4A-11D0-8D11-00A0C91BC942}") = "回合制游戏", "回合制游戏\回合制游戏.vcxproj", "{545505FD-7BD3-46DD-8E11-6246BEBBC574}"
EndProject
Global
	GlobalSection(SolutionConfigurationPlatforms) = preSolution
		Debug|x64 = Debug|x64
		Debug|x86 = Debug|x86
		Release|x64 = Release|x64
		Release|x86 = Release|x86
	EndGlobalSection
	GlobalSection(ProjectConfigurationPlatforms) = postSolution
		{545505FD-7BD3-46DD-8E11-6246BEBBC574}.Debug|x64.ActiveCfg = Debug|x64
		{545505FD-7BD3-46DD-8E11-6246BEBBC574}.Debug|x64.Build.0 = Debug|x64
		{545505FD-7BD3-46DD-8E11-6246BEBBC574}.Debug|x86.ActiveCfg = Debug|Win32
		{545505FD-7BD3-46DD-8E11-6246BEBBC574}.Debug|x86.Build.0 = Debug|Win32
		{545505FD-7BD3-46DD-8E11-6246BEBBC574}.Release|x64.ActiveCfg = Release|x64
		{545505FD-7BD3-46DD-8E11-6246BEBBC574}.Release|x64.Build.0 = Release|x64
		{545505FD-7BD3-46DD-8E11-6246BEBBC574}.Release|x86.ActiveCfg = Release|Win32
		{545505FD-7BD3-46DD-8E11-6246BEBBC574}.Release|x86.Build.0 = Release|Win32
	EndGlobalSection
	GlobalSection(SolutionProperties) = preSolution
		HideSolutionNode = FALSE
	EndGlobalSection
	GlobalSection(ExtensibilityGlobals) = postSolution
		SolutionGuid = {00728248-F970-470E-8E66-D97EDD3739A1}
	EndGlobalSection
EndGlobal
