
Microsoft Visual Studio Solution File, Format Version 12.00
# Visual Studio 15
VisualStudioVersion = 15.0.28010.2050
MinimumVisualStudioVersion = 10.0.40219.1
Project("{8BC9CEB8-8B4A-11D0-8D11-00A0C91BC942}") = "会话列表", "会话列表\会话列表.vcxproj", "{7146C4B6-6F29-4C7B-B4AB-0AB1F2FA3F6F}"
EndProject
Global
	GlobalSection(SolutionConfigurationPlatforms) = preSolution
		Debug|x64 = Debug|x64
		Debug|x86 = Debug|x86
		Release|x64 = Release|x64
		Release|x86 = Release|x86
	EndGlobalSection
	GlobalSection(ProjectConfigurationPlatforms) = postSolution
		{7146C4B6-6F29-4C7B-B4AB-0AB1F2FA3F6F}.Debug|x64.ActiveCfg = Debug|x64
		{7146C4B6-6F29-4C7B-B4AB-0AB1F2FA3F6F}.Debug|x64.Build.0 = Debug|x64
		{7146C4B6-6F29-4C7B-B4AB-0AB1F2FA3F6F}.Debug|x86.ActiveCfg = Debug|Win32
		{7146C4B6-6F29-4C7B-B4AB-0AB1F2FA3F6F}.Debug|x86.Build.0 = Debug|Win32
		{7146C4B6-6F29-4C7B-B4AB-0AB1F2FA3F6F}.Release|x64.ActiveCfg = Release|x64
		{7146C4B6-6F29-4C7B-B4AB-0AB1F2FA3F6F}.Release|x64.Build.0 = Release|x64
		{7146C4B6-6F29-4C7B-B4AB-0AB1F2FA3F6F}.Release|x86.ActiveCfg = Release|Win32
		{7146C4B6-6F29-4C7B-B4AB-0AB1F2FA3F6F}.Release|x86.Build.0 = Release|Win32
	EndGlobalSection
	GlobalSection(SolutionProperties) = preSolution
		HideSolutionNode = FALSE
	EndGlobalSection
	GlobalSection(ExtensibilityGlobals) = postSolution
		SolutionGuid = {9B36ADCE-9D66-4FFE-9C84-24BA5C038D4E}
	EndGlobalSection
EndGlobal
