
Microsoft Visual Studio Solution File, Format Version 12.00
# Visual Studio 15
VisualStudioVersion = 15.0.28010.2050
MinimumVisualStudioVersion = 10.0.40219.1
Project("{8BC9CEB8-8B4A-11D0-8D11-00A0C91BC942}") = "分解因数", "分解因数\分解因数.vcxproj", "{FCC1EC38-0D2A-4176-8F0C-B1518DCCAED2}"
EndProject
Global
	GlobalSection(SolutionConfigurationPlatforms) = preSolution
		Debug|x64 = Debug|x64
		Debug|x86 = Debug|x86
		Release|x64 = Release|x64
		Release|x86 = Release|x86
	EndGlobalSection
	GlobalSection(ProjectConfigurationPlatforms) = postSolution
		{FCC1EC38-0D2A-4176-8F0C-B1518DCCAED2}.Debug|x64.ActiveCfg = Debug|x64
		{FCC1EC38-0D2A-4176-8F0C-B1518DCCAED2}.Debug|x64.Build.0 = Debug|x64
		{FCC1EC38-0D2A-4176-8F0C-B1518DCCAED2}.Debug|x86.ActiveCfg = Debug|Win32
		{FCC1EC38-0D2A-4176-8F0C-B1518DCCAED2}.Debug|x86.Build.0 = Debug|Win32
		{FCC1EC38-0D2A-4176-8F0C-B1518DCCAED2}.Release|x64.ActiveCfg = Release|x64
		{FCC1EC38-0D2A-4176-8F0C-B1518DCCAED2}.Release|x64.Build.0 = Release|x64
		{FCC1EC38-0D2A-4176-8F0C-B1518DCCAED2}.Release|x86.ActiveCfg = Release|Win32
		{FCC1EC38-0D2A-4176-8F0C-B1518DCCAED2}.Release|x86.Build.0 = Release|Win32
	EndGlobalSection
	GlobalSection(SolutionProperties) = preSolution
		HideSolutionNode = FALSE
	EndGlobalSection
	GlobalSection(ExtensibilityGlobals) = postSolution
		SolutionGuid = {2000A6D5-CC8F-4366-99A5-E2CDED45B5ED}
	EndGlobalSection
EndGlobal
