
Microsoft Visual Studio Solution File, Format Version 12.00
# Visual Studio 15
VisualStudioVersion = 15.0.28010.2050
MinimumVisualStudioVersion = 10.0.40219.1
Project("{8BC9CEB8-8B4A-11D0-8D11-00A0C91BC942}") = "朋友圈（并查集）", "朋友圈（并查集）\朋友圈（并查集）.vcxproj", "{E912BCBF-09BF-4C70-86BF-77E1BB7AB190}"
EndProject
Global
	GlobalSection(SolutionConfigurationPlatforms) = preSolution
		Debug|x64 = Debug|x64
		Debug|x86 = Debug|x86
		Release|x64 = Release|x64
		Release|x86 = Release|x86
	EndGlobalSection
	GlobalSection(ProjectConfigurationPlatforms) = postSolution
		{E912BCBF-09BF-4C70-86BF-77E1BB7AB190}.Debug|x64.ActiveCfg = Debug|x64
		{E912BCBF-09BF-4C70-86BF-77E1BB7AB190}.Debug|x64.Build.0 = Debug|x64
		{E912BCBF-09BF-4C70-86BF-77E1BB7AB190}.Debug|x86.ActiveCfg = Debug|Win32
		{E912BCBF-09BF-4C70-86BF-77E1BB7AB190}.Debug|x86.Build.0 = Debug|Win32
		{E912BCBF-09BF-4C70-86BF-77E1BB7AB190}.Release|x64.ActiveCfg = Release|x64
		{E912BCBF-09BF-4C70-86BF-77E1BB7AB190}.Release|x64.Build.0 = Release|x64
		{E912BCBF-09BF-4C70-86BF-77E1BB7AB190}.Release|x86.ActiveCfg = Release|Win32
		{E912BCBF-09BF-4C70-86BF-77E1BB7AB190}.Release|x86.Build.0 = Release|Win32
	EndGlobalSection
	GlobalSection(SolutionProperties) = preSolution
		HideSolutionNode = FALSE
	EndGlobalSection
	GlobalSection(ExtensibilityGlobals) = postSolution
		SolutionGuid = {A81ABA18-F7F9-4BDB-89F3-ACF1707598EE}
	EndGlobalSection
EndGlobal
