
Microsoft Visual Studio Solution File, Format Version 12.00
# Visual Studio 15
VisualStudioVersion = 15.0.28010.2050
MinimumVisualStudioVersion = 10.0.40219.1
Project("{8BC9CEB8-8B4A-11D0-8D11-00A0C91BC942}") = "快到碗里来", "快到碗里来\快到碗里来.vcxproj", "{76D94C50-C1E3-473C-BC05-C8EECB6B2C51}"
EndProject
Global
	GlobalSection(SolutionConfigurationPlatforms) = preSolution
		Debug|x64 = Debug|x64
		Debug|x86 = Debug|x86
		Release|x64 = Release|x64
		Release|x86 = Release|x86
	EndGlobalSection
	GlobalSection(ProjectConfigurationPlatforms) = postSolution
		{76D94C50-C1E3-473C-BC05-C8EECB6B2C51}.Debug|x64.ActiveCfg = Debug|x64
		{76D94C50-C1E3-473C-BC05-C8EECB6B2C51}.Debug|x64.Build.0 = Debug|x64
		{76D94C50-C1E3-473C-BC05-C8EECB6B2C51}.Debug|x86.ActiveCfg = Debug|Win32
		{76D94C50-C1E3-473C-BC05-C8EECB6B2C51}.Debug|x86.Build.0 = Debug|Win32
		{76D94C50-C1E3-473C-BC05-C8EECB6B2C51}.Release|x64.ActiveCfg = Release|x64
		{76D94C50-C1E3-473C-BC05-C8EECB6B2C51}.Release|x64.Build.0 = Release|x64
		{76D94C50-C1E3-473C-BC05-C8EECB6B2C51}.Release|x86.ActiveCfg = Release|Win32
		{76D94C50-C1E3-473C-BC05-C8EECB6B2C51}.Release|x86.Build.0 = Release|Win32
	EndGlobalSection
	GlobalSection(SolutionProperties) = preSolution
		HideSolutionNode = FALSE
	EndGlobalSection
	GlobalSection(ExtensibilityGlobals) = postSolution
		SolutionGuid = {343F324D-84ED-49A8-AC28-C97B52CD7483}
	EndGlobalSection
EndGlobal
