
Microsoft Visual Studio Solution File, Format Version 12.00
# Visual Studio 15
VisualStudioVersion = 15.0.28010.2050
MinimumVisualStudioVersion = 10.0.40219.1
Project("{8BC9CEB8-8B4A-11D0-8D11-00A0C91BC942}") = "最长对称子字符串", "最长对称子字符串\最长对称子字符串.vcxproj", "{EF52FA3D-E83A-4A65-AC02-2CE153DF6588}"
EndProject
Global
	GlobalSection(SolutionConfigurationPlatforms) = preSolution
		Debug|x64 = Debug|x64
		Debug|x86 = Debug|x86
		Release|x64 = Release|x64
		Release|x86 = Release|x86
	EndGlobalSection
	GlobalSection(ProjectConfigurationPlatforms) = postSolution
		{EF52FA3D-E83A-4A65-AC02-2CE153DF6588}.Debug|x64.ActiveCfg = Debug|x64
		{EF52FA3D-E83A-4A65-AC02-2CE153DF6588}.Debug|x64.Build.0 = Debug|x64
		{EF52FA3D-E83A-4A65-AC02-2CE153DF6588}.Debug|x86.ActiveCfg = Debug|Win32
		{EF52FA3D-E83A-4A65-AC02-2CE153DF6588}.Debug|x86.Build.0 = Debug|Win32
		{EF52FA3D-E83A-4A65-AC02-2CE153DF6588}.Release|x64.ActiveCfg = Release|x64
		{EF52FA3D-E83A-4A65-AC02-2CE153DF6588}.Release|x64.Build.0 = Release|x64
		{EF52FA3D-E83A-4A65-AC02-2CE153DF6588}.Release|x86.ActiveCfg = Release|Win32
		{EF52FA3D-E83A-4A65-AC02-2CE153DF6588}.Release|x86.Build.0 = Release|Win32
	EndGlobalSection
	GlobalSection(SolutionProperties) = preSolution
		HideSolutionNode = FALSE
	EndGlobalSection
	GlobalSection(ExtensibilityGlobals) = postSolution
		SolutionGuid = {D7E56C97-43C3-4011-8F71-0EE2BE4D3636}
	EndGlobalSection
EndGlobal
